PODS:
  - CocoaAsyncSocket (7.6.1)
  - MarqueeLabel/Swift (3.1.3)
  - NotificationBannerSwift (1.5.1):
    - MarqueeLabel/Swift
    - SnapKit (~> 4.0)
  - SnapKit (4.0.0)

DEPENDENCIES:
  - CocoaAsyncSocket
  - NotificationBannerSwift
  - SnapKit

SPEC CHECKSUMS:
  CocoaAsyncSocket: 7eadd3f59e1a6c84e2aefc93e9ff7b55156fe174
  MarqueeLabel: baa5753dcbd36dca080e1f5c589a665aa5c906f1
  NotificationBannerSwift: 666e6c392238561c17a52db4c50e6f00d9942e0d
  SnapKit: a42d492c16e80209130a3379f73596c3454b7694

PODFILE CHECKSUM: 136f3672a7be5131b5be9f60addf0a61d2093a47

COCOAPODS: 1.2.0
