PODS:
  - CocoaAsyncSocket (7.6.1)
  - SnapKit (4.0.0)

DEPENDENCIES:
  - CocoaAsyncSocket
  - SnapKit (~> 4.0.0)

SPEC CHECKSUMS:
  CocoaAsyncSocket: 7eadd3f59e1a6c84e2aefc93e9ff7b55156fe174
  SnapKit: a42d492c16e80209130a3379f73596c3454b7694

PODFILE CHECKSUM: 1c7ae95e37ee22e797d05c65283c3b12d5085827

COCOAPODS: 1.2.0
